// !$*UTF8*$!
{
	archiveVersion = 1;
	classes = {
	};
	objectVersion = 50;
	objects = {

/* Begin PBXBuildFile section */
		C3ED6B0D20FF20270015C807 /* AppDelegate.swift in Sources */ = {isa = PBXBuildFile; fileRef = C3ED6B0C20FF20270015C807 /* AppDelegate.swift */; };
		C3ED6B0F20FF20270015C807 /* ViewController.swift in Sources */ = {isa = PBXBuildFile; fileRef = C3ED6B0E20FF20270015C807 /* ViewController.swift */; };
		C3ED6B1220FF20270015C807 /* Main.storyboard in Resources */ = {isa = PBXBuildFile; fileRef = C3ED6B1020FF20270015C807 /* Main.storyboard */; };
		C3ED6B1420FF20280015C807 /* Assets.xcassets in Resources */ = {isa = PBXBuildFile; fileRef = C3ED6B1320FF20280015C807 /* Assets.xcassets */; };
		C3ED6B1720FF20280015C807 /* LaunchScreen.storyboard in Resources */ = {isa = PBXBuildFile; fileRef = C3ED6B1520FF20280015C807 /* LaunchScreen.storyboard */; };
		C3ED6B2220FF20280015C807 /* SwiftFirstPageTests.swift in Sources */ = {isa = PBXBuildFile; fileRef = C3ED6B2120FF20280015C807 /* SwiftFirstPageTests.swift */; };
		C3ED6B2D20FF20290015C807 /* SwiftFirstPageUITests.swift in Sources */ = {isa = PBXBuildFile; fileRef = C3ED6B2C20FF20290015C807 /* SwiftFirstPageUITests.swift */; };
		C3ED6B3B20FF24890015C807 /* SecondViewController.swift in Sources */ = {isa = PBXBuildFile; fileRef = C3ED6B3A20FF24890015C807 /* SecondViewController.swift */; };
		C3ED6B3E20FF26F70015C807 /* AMSUBLEManager.swift in Sources */ = {isa = PBXBuildFile; fileRef = C3ED6B3D20FF26F70015C807 /* AMSUBLEManager.swift */; };
		C3ED6B4120FF27120015C807 /* CoreBluetooth.framework in Frameworks */ = {isa = PBXBuildFile; fileRef = C3ED6B4020FF27120015C807 /* CoreBluetooth.framework */; };
/* End PBXBuildFile section */

/* Begin PBXContainerItemProxy section */
		C3ED6B1E20FF20280015C807 /* PBXContainerItemProxy */ = {
			isa = PBXContainerItemProxy;
			containerPortal = C3ED6B0120FF20270015C807 /* Project object */;
			proxyType = 1;
			remoteGlobalIDString = C3ED6B0820FF20270015C807;
			remoteInfo = SwiftFirstPage;
		};
		C3ED6B2920FF20290015C807 /* PBXContainerItemProxy */ = {
			isa = PBXContainerItemProxy;
			containerPortal = C3ED6B0120FF20270015C807 /* Project object */;
			proxyType = 1;
			remoteGlobalIDString = C3ED6B0820FF20270015C807;
			remoteInfo = SwiftFirstPage;
		};
/* End PBXContainerItemProxy section */

/* Begin PBXFileReference section */
		C3ED6B0920FF20270015C807 /* SwiftFirstPage.app */ = {isa = PBXFileReference; explicitFileType = wrapper.application; includeInIndex = 0; path = SwiftFirstPage.app; sourceTree = BUILT_PRODUCTS_DIR; };
		C3ED6B0C20FF20270015C807 /* AppDelegate.swift */ = {isa = PBXFileReference; lastKnownFileType = sourcecode.swift; path = AppDelegate.swift; sourceTree = "<group>"; };
		C3ED6B0E20FF20270015C807 /* ViewController.swift */ = {isa = PBXFileReference; lastKnownFileType = sourcecode.swift; path = ViewController.swift; sourceTree = "<group>"; };
		C3ED6B1120FF20270015C807 /* Base */ = {isa = PBXFileReference; lastKnownFileType = file.storyboard; name = Base; path = Base.lproj/Main.storyboard; sourceTree = "<group>"; };
		C3ED6B1320FF20280015C807 /* Assets.xcassets */ = {isa = PBXFileReference; lastKnownFileType = folder.assetcatalog; path = Assets.xcassets; sourceTree = "<group>"; };
		C3ED6B1620FF20280015C807 /* Base */ = {isa = PBXFileReference; lastKnownFileType = file.storyboard; name = Base; path = Base.lproj/LaunchScreen.storyboard; sourceTree = "<group>"; };
		C3ED6B1820FF20280015C807 /* Info.plist */ = {isa = PBXFileReference; lastKnownFileType = text.plist.xml; path = Info.plist; sourceTree = "<group>"; };
		C3ED6B1D20FF20280015C807 /* SwiftFirstPageTests.xctest */ = {isa = PBXFileReference; explicitFileType = wrapper.cfbundle; includeInIndex = 0; path = SwiftFirstPageTests.xctest; sourceTree = BUILT_PRODUCTS_DIR; };
		C3ED6B2120FF20280015C807 /* SwiftFirstPageTests.swift */ = {isa = PBXFileReference; lastKnownFileType = sourcecode.swift; path = SwiftFirstPageTests.swift; sourceTree = "<group>"; };
		C3ED6B2320FF20280015C807 /* Info.plist */ = {isa = PBXFileReference; lastKnownFileType = text.plist.xml; path = Info.plist; sourceTree = "<group>"; };
		C3ED6B2820FF20280015C807 /* SwiftFirstPageUITests.xctest */ = {isa = PBXFileReference; explicitFileType = wrapper.cfbundle; includeInIndex = 0; path = SwiftFirstPageUITests.xctest; sourceTree = BUILT_PRODUCTS_DIR; };
		C3ED6B2C20FF20290015C807 /* SwiftFirstPageUITests.swift */ = {isa = PBXFileReference; lastKnownFileType = sourcecode.swift; path = SwiftFirstPageUITests.swift; sourceTree = "<group>"; };
		C3ED6B2E20FF20290015C807 /* Info.plist */ = {isa = PBXFileReference; lastKnownFileType = text.plist.xml; path = Info.plist; sourceTree = "<group>"; };
		C3ED6B3A20FF24890015C807 /* SecondViewController.swift */ = {isa = PBXFileReference; lastKnownFileType = sourcecode.swift; path = SecondViewController.swift; sourceTree = "<group>"; };
		C3ED6B3D20FF26F70015C807 /* AMSUBLEManager.swift */ = {isa = PBXFileReference; lastKnownFileType = sourcecode.swift; path = AMSUBLEManager.swift; sourceTree = "<group>"; };
		C3ED6B4020FF27120015C807 /* CoreBluetooth.framework */ = {isa = PBXFileReference; lastKnownFileType = wrapper.framework; name = CoreBluetooth.framework; path = System/Library/Frameworks/CoreBluetooth.framework; sourceTree = SDKROOT; };
/* End PBXFileReference section */

/* Begin PBXFrameworksBuildPhase section */
		C3ED6B0620FF20270015C807 /* Frameworks */ = {
			isa = PBXFrameworksBuildPhase;
			buildActionMask = 2147483647;
			files = (
				C3ED6B4120FF27120015C807 /* CoreBluetooth.framework in Frameworks */,
			);
			runOnlyForDeploymentPostprocessing = 0;
		};
		C3ED6B1A20FF20280015C807 /* Frameworks */ = {
			isa = PBXFrameworksBuildPhase;
			buildActionMask = 2147483647;
			files = (
			);
			runOnlyForDeploymentPostprocessing = 0;
		};
		C3ED6B2520FF20280015C807 /* Frameworks */ = {
			isa = PBXFrameworksBuildPhase;
			buildActionMask = 2147483647;
			files = (
			);
			runOnlyForDeploymentPostprocessing = 0;
		};
/* End PBXFrameworksBuildPhase section */

/* Begin PBXGroup section */
		C3ED6B0020FF20270015C807 = {
			isa = PBXGroup;
			children = (
				C3ED6B0B20FF20270015C807 /* SwiftFirstPage */,
				C3ED6B2020FF20280015C807 /* SwiftFirstPageTests */,
				C3ED6B2B20FF20290015C807 /* SwiftFirstPageUITests */,
				C3ED6B0A20FF20270015C807 /* Products */,
				C3ED6B3F20FF27120015C807 /* Frameworks */,
			);
			sourceTree = "<group>";
		};
		C3ED6B0A20FF20270015C807 /* Products */ = {
			isa = PBXGroup;
			children = (
				C3ED6B0920FF20270015C807 /* SwiftFirstPage.app */,
				C3ED6B1D20FF20280015C807 /* SwiftFirstPageTests.xctest */,
				C3ED6B2820FF20280015C807 /* SwiftFirstPageUITests.xctest */,
			);
			name = Products;
			sourceTree = "<group>";
		};
		C3ED6B0B20FF20270015C807 /* SwiftFirstPage */ = {
			isa = PBXGroup;
			children = (
				C3ED6B3C20FF26DB0015C807 /* AMSUBLEManager */,
				C3ED6B0C20FF20270015C807 /* AppDelegate.swift */,
				C3ED6B0E20FF20270015C807 /* ViewController.swift */,
				C3ED6B3A20FF24890015C807 /* SecondViewController.swift */,
				C3ED6B1020FF20270015C807 /* Main.storyboard */,
				C3ED6B1320FF20280015C807 /* Assets.xcassets */,
				C3ED6B1520FF20280015C807 /* LaunchScreen.storyboard */,
				C3ED6B1820FF20280015C807 /* Info.plist */,
			);
			path = SwiftFirstPage;
			sourceTree = "<group>";
		};
		C3ED6B2020FF20280015C807 /* SwiftFirstPageTests */ = {
			isa = PBXGroup;
			children = (
				C3ED6B2120FF20280015C807 /* SwiftFirstPageTests.swift */,
				C3ED6B2320FF20280015C807 /* Info.plist */,
			);
			path = SwiftFirstPageTests;
			sourceTree = "<group>";
		};
		C3ED6B2B20FF20290015C807 /* SwiftFirstPageUITests */ = {
			isa = PBXGroup;
			children = (
				C3ED6B2C20FF20290015C807 /* SwiftFirstPageUITests.swift */,
				C3ED6B2E20FF20290015C807 /* Info.plist */,
			);
			path = SwiftFirstPageUITests;
			sourceTree = "<group>";
		};
		C3ED6B3C20FF26DB0015C807 /* AMSUBLEManager */ = {
			isa = PBXGroup;
			children = (
				C3ED6B3D20FF26F70015C807 /* AMSUBLEManager.swift */,
			);
			path = AMSUBLEManager;
			sourceTree = "<group>";
		};
		C3ED6B3F20FF27120015C807 /* Frameworks */ = {
			isa = PBXGroup;
			children = (
				C3ED6B4020FF27120015C807 /* CoreBluetooth.framework */,
			);
			name = Frameworks;
			sourceTree = "<group>";
		};
/* End PBXGroup section */

/* Begin PBXNativeTarget section */
		C3ED6B0820FF20270015C807 /* SwiftFirstPage */ = {
			isa = PBXNativeTarget;
			buildConfigurationList = C3ED6B3120FF20290015C807 /* Build configuration list for PBXNativeTarget "SwiftFirstPage" */;
			buildPhases = (
				C3ED6B0520FF20270015C807 /* Sources */,
				C3ED6B0620FF20270015C807 /* Frameworks */,
				C3ED6B0720FF20270015C807 /* Resources */,
			);
			buildRules = (
			);
			dependencies = (
			);
			name = SwiftFirstPage;
			productName = SwiftFirstPage;
			productReference = C3ED6B0920FF20270015C807 /* SwiftFirstPage.app */;
			productType = "com.apple.product-type.application";
		};
		C3ED6B1C20FF20280015C807 /* SwiftFirstPageTests */ = {
			isa = PBXNativeTarget;
			buildConfigurationList = C3ED6B3420FF20290015C807 /* Build configuration list for PBXNativeTarget "SwiftFirstPageTests" */;
			buildPhases = (
				C3ED6B1920FF20280015C807 /* Sources */,
				C3ED6B1A20FF20280015C807 /* Frameworks */,
				C3ED6B1B20FF20280015C807 /* Resources */,
			);
			buildRules = (
			);
			dependencies = (
				C3ED6B1F20FF20280015C807 /* PBXTargetDependency */,
			);
			name = SwiftFirstPageTests;
			productName = SwiftFirstPageTests;
			productReference = C3ED6B1D20FF20280015C807 /* SwiftFirstPageTests.xctest */;
			productType = "com.apple.product-type.bundle.unit-test";
		};
		C3ED6B2720FF20280015C807 /* SwiftFirstPageUITests */ = {
			isa = PBXNativeTarget;
			buildConfigurationList = C3ED6B3720FF20290015C807 /* Build configuration list for PBXNativeTarget "SwiftFirstPageUITests" */;
			buildPhases = (
				C3ED6B2420FF20280015C807 /* Sources */,
				C3ED6B2520FF20280015C807 /* Frameworks */,
				C3ED6B2620FF20280015C807 /* Resources */,
			);
			buildRules = (
			);
			dependencies = (
				C3ED6B2A20FF20290015C807 /* PBXTargetDependency */,
			);
			name = SwiftFirstPageUITests;
			productName = SwiftFirstPageUITests;
			productReference = C3ED6B2820FF20280015C807 /* SwiftFirstPageUITests.xctest */;
			productType = "com.apple.product-type.bundle.ui-testing";
		};
/* End PBXNativeTarget section */

/* Begin PBXProject section */
		C3ED6B0120FF20270015C807 /* Project object */ = {
			isa = PBXProject;
			attributes = {
				LastSwiftUpdateCheck = 0940;
				LastUpgradeCheck = 0940;
				ORGANIZATIONNAME = "阿木";
				TargetAttributes = {
					C3ED6B0820FF20270015C807 = {
						CreatedOnToolsVersion = 9.4;
					};
					C3ED6B1C20FF20280015C807 = {
						CreatedOnToolsVersion = 9.4;
						TestTargetID = C3ED6B0820FF20270015C807;
					};
					C3ED6B2720FF20280015C807 = {
						CreatedOnToolsVersion = 9.4;
						TestTargetID = C3ED6B0820FF20270015C807;
					};
				};
			};
			buildConfigurationList = C3ED6B0420FF20270015C807 /* Build configuration list for PBXProject "SwiftFirstPage" */;
			compatibilityVersion = "Xcode 9.3";
			developmentRegion = en;
			hasScannedForEncodings = 0;
			knownRegions = (
				en,
				Base,
			);
			mainGroup = C3ED6B0020FF20270015C807;
			productRefGroup = C3ED6B0A20FF20270015C807 /* Products */;
			projectDirPath = "";
			projectRoot = "";
			targets = (
				C3ED6B0820FF20270015C807 /* SwiftFirstPage */,
				C3ED6B1C20FF20280015C807 /* SwiftFirstPageTests */,
				C3ED6B2720FF20280015C807 /* SwiftFirstPageUITests */,
			);
		};
/* End PBXProject section */

/* Begin PBXResourcesBuildPhase section */
		C3ED6B0720FF20270015C807 /* Resources */ = {
			isa = PBXResourcesBuildPhase;
			buildActionMask = 2147483647;
			files = (
				C3ED6B1720FF20280015C807 /* LaunchScreen.storyboard in Resources */,
				C3ED6B1420FF20280015C807 /* Assets.xcassets in Resources */,
				C3ED6B1220FF20270015C807 /* Main.storyboard in Resources */,
			);
			runOnlyForDeploymentPostprocessing = 0;
		};
		C3ED6B1B20FF20280015C807 /* Resources */ = {
			isa = PBXResourcesBuildPhase;
			buildActionMask = 2147483647;
			files = (
			);
			runOnlyForDeploymentPostprocessing = 0;
		};
		C3ED6B2620FF20280015C807 /* Resources */ = {
			isa = PBXResourcesBuildPhase;
			buildActionMask = 2147483647;
			files = (
			);
			runOnlyForDeploymentPostprocessing = 0;
		};
/* End PBXResourcesBuildPhase section */

/* Begin PBXSourcesBuildPhase section */
		C3ED6B0520FF20270015C807 /* Sources */ = {
			isa = PBXSourcesBuildPhase;
			buildActionMask = 2147483647;
			files = (
				C3ED6B3B20FF24890015C807 /* SecondViewController.swift in Sources */,
				C3ED6B0F20FF20270015C807 /* ViewController.swift in Sources */,
				C3ED6B0D20FF20270015C807 /* AppDelegate.swift in Sources */,
				C3ED6B3E20FF26F70015C807 /* AMSUBLEManager.swift in Sources */,
			);
			runOnlyForDeploymentPostprocessing = 0;
		};
		C3ED6B1920FF20280015C807 /* Sources */ = {
			isa = PBXSourcesBuildPhase;
			buildActionMask = 2147483647;
			files = (
				C3ED6B2220FF20280015C807 /* SwiftFirstPageTests.swift in Sources */,
			);
			runOnlyForDeploymentPostprocessing = 0;
		};
		C3ED6B2420FF20280015C807 /* Sources */ = {
			isa = PBXSourcesBuildPhase;
			buildActionMask = 2147483647;
			files = (
				C3ED6B2D20FF20290015C807 /* SwiftFirstPageUITests.swift in Sources */,
			);
			runOnlyForDeploymentPostprocessing = 0;
		};
/* End PBXSourcesBuildPhase section */

/* Begin PBXTargetDependency section */
		C3ED6B1F20FF20280015C807 /* PBXTargetDependency */ = {
			isa = PBXTargetDependency;
			target = C3ED6B0820FF20270015C807 /* SwiftFirstPage */;
			targetProxy = C3ED6B1E20FF20280015C807 /* PBXContainerItemProxy */;
		};
		C3ED6B2A20FF20290015C807 /* PBXTargetDependency */ = {
			isa = PBXTargetDependency;
			target = C3ED6B0820FF20270015C807 /* SwiftFirstPage */;
			targetProxy = C3ED6B2920FF20290015C807 /* PBXContainerItemProxy */;
		};
/* End PBXTargetDependency section */

/* Begin PBXVariantGroup section */
		C3ED6B1020FF20270015C807 /* Main.storyboard */ = {
			isa = PBXVariantGroup;
			children = (
				C3ED6B1120FF20270015C807 /* Base */,
			);
			name = Main.storyboard;
			sourceTree = "<group>";
		};
		C3ED6B1520FF20280015C807 /* LaunchScreen.storyboard */ = {
			isa = PBXVariantGroup;
			children = (
				C3ED6B1620FF20280015C807 /* Base */,
			);
			name = LaunchScreen.storyboard;
			sourceTree = "<group>";
		};
/* End PBXVariantGroup section */

/* Begin XCBuildConfiguration section */
		C3ED6B2F20FF20290015C807 /* Debug */ = {
			isa = XCBuildConfiguration;
			buildSettings = {
				ALWAYS_SEARCH_USER_PATHS = NO;
				CLANG_ANALYZER_NONNULL = YES;
				CLANG_ANALYZER_NUMBER_OBJECT_CONVERSION = YES_AGGRESSIVE;
				CLANG_CXX_LANGUAGE_STANDARD = "gnu++14";
				CLANG_CXX_LIBRARY = "libc++";
				CLANG_ENABLE_MODULES = YES;
				CLANG_ENABLE_OBJC_ARC = YES;
				CLANG_ENABLE_OBJC_WEAK = YES;
				CLANG_WARN_BLOCK_CAPTURE_AUTORELEASING = YES;
				CLANG_WARN_BOOL_CONVERSION = YES;
				CLANG_WARN_COMMA = YES;
				CLANG_WARN_CONSTANT_CONVERSION = YES;
				CLANG_WARN_DEPRECATED_OBJC_IMPLEMENTATIONS = YES;
				CLANG_WARN_DIRECT_OBJC_ISA_USAGE = YES_ERROR;
				CLANG_WARN_DOCUMENTATION_COMMENTS = YES;
				CLANG_WARN_EMPTY_BODY = YES;
				CLANG_WARN_ENUM_CONVERSION = YES;
				CLANG_WARN_INFINITE_RECURSION = YES;
				CLANG_WARN_INT_CONVERSION = YES;
				CLANG_WARN_NON_LITERAL_NULL_CONVERSION = YES;
				CLANG_WARN_OBJC_IMPLICIT_RETAIN_SELF = YES;
				CLANG_WARN_OBJC_LITERAL_CONVERSION = YES;
				CLANG_WARN_OBJC_ROOT_CLASS = YES_ERROR;
				CLANG_WARN_RANGE_LOOP_ANALYSIS = YES;
				CLANG_WARN_STRICT_PROTOTYPES = YES;
				CLANG_WARN_SUSPICIOUS_MOVE = YES;
				CLANG_WARN_UNGUARDED_AVAILABILITY = YES_AGGRESSIVE;
				CLANG_WARN_UNREACHABLE_CODE = YES;
				CLANG_WARN__DUPLICATE_METHOD_MATCH = YES;
				CODE_SIGN_IDENTITY = "iPhone Developer";
				COPY_PHASE_STRIP = NO;
				DEBUG_INFORMATION_FORMAT = dwarf;
				ENABLE_STRICT_OBJC_MSGSEND = YES;
				ENABLE_TESTABILITY = YES;
				GCC_C_LANGUAGE_STANDARD = gnu11;
				GCC_DYNAMIC_NO_PIC = NO;
				GCC_NO_COMMON_BLOCKS = YES;
				GCC_OPTIMIZATION_LEVEL = 0;
				GCC_PREPROCESSOR_DEFINITIONS = (
					"DEBUG=1",
					"$(inherited)",
				);
				GCC_WARN_64_TO_32_BIT_CONVERSION = YES;
				GCC_WARN_ABOUT_RETURN_TYPE = YES_ERROR;
				GCC_WARN_UNDECLARED_SELECTOR = YES;
				GCC_WARN_UNINITIALIZED_AUTOS = YES_AGGRESSIVE;
				GCC_WARN_UNUSED_FUNCTION = YES;
				GCC_WARN_UNUSED_VARIABLE = YES;
				IPHONEOS_DEPLOYMENT_TARGET = 11.4;
				MTL_ENABLE_DEBUG_INFO = YES;
				ONLY_ACTIVE_ARCH = YES;
				SDKROOT = iphoneos;
				SWIFT_ACTIVE_COMPILATION_CONDITIONS = DEBUG;
				SWIFT_OPTIMIZATION_LEVEL = "-Onone";
			};
			name = Debug;
		};
		C3ED6B3020FF20290015C807 /* Release */ = {
			isa = XCBuildConfiguration;
			buildSettings = {
				ALWAYS_SEARCH_USER_PATHS = NO;
				CLANG_ANALYZER_NONNULL = YES;
				CLANG_ANALYZER_NUMBER_OBJECT_CONVERSION = YES_AGGRESSIVE;
				CLANG_CXX_LANGUAGE_STANDARD = "gnu++14";
				CLANG_CXX_LIBRARY = "libc++";
				CLANG_ENABLE_MODULES = YES;
				CLANG_ENABLE_OBJC_ARC = YES;
				CLANG_ENABLE_OBJC_WEAK = YES;
				CLANG_WARN_BLOCK_CAPTURE_AUTORELEASING = YES;
				CLANG_WARN_BOOL_CONVERSION = YES;
				CLANG_WARN_COMMA = YES;
				CLANG_WARN_CONSTANT_CONVERSION = YES;
				CLANG_WARN_DEPRECATED_OBJC_IMPLEMENTATIONS = YES;
				CLANG_WARN_DIRECT_OBJC_ISA_USAGE = YES_ERROR;
				CLANG_WARN_DOCUMENTATION_COMMENTS = YES;
				CLANG_WARN_EMPTY_BODY = YES;
				CLANG_WARN_ENUM_CONVERSION = YES;
				CLANG_WARN_INFINITE_RECURSION = YES;
				CLANG_WARN_INT_CONVERSION = YES;
				CLANG_WARN_NON_LITERAL_NULL_CONVERSION = YES;
				CLANG_WARN_OBJC_IMPLICIT_RETAIN_SELF = YES;
				CLANG_WARN_OBJC_LITERAL_CONVERSION = YES;
				CLANG_WARN_OBJC_ROOT_CLASS = YES_ERROR;
				CLANG_WARN_RANGE_LOOP_ANALYSIS = YES;
				CLANG_WARN_STRICT_PROTOTYPES = YES;
				CLANG_WARN_SUSPICIOUS_MOVE = YES;
				CLANG_WARN_UNGUARDED_AVAILABILITY = YES_AGGRESSIVE;
				CLANG_WARN_UNREACHABLE_CODE = YES;
				CLANG_WARN__DUPLICATE_METHOD_MATCH = YES;
				CODE_SIGN_IDENTITY = "iPhone Developer";
				COPY_PHASE_STRIP = NO;
				DEBUG_INFORMATION_FORMAT = "dwarf-with-dsym";
				ENABLE_NS_ASSERTIONS = NO;
				ENABLE_STRICT_OBJC_MSGSEND = YES;
				GCC_C_LANGUAGE_STANDARD = gnu11;
				GCC_NO_COMMON_BLOCKS = YES;
				GCC_WARN_64_TO_32_BIT_CONVERSION = YES;
				GCC_WARN_ABOUT_RETURN_TYPE = YES_ERROR;
				GCC_WARN_UNDECLARED_SELECTOR = YES;
				GCC_WARN_UNINITIALIZED_AUTOS = YES_AGGRESSIVE;
				GCC_WARN_UNUSED_FUNCTION = YES;
				GCC_WARN_UNUSED_VARIABLE = YES;
				IPHONEOS_DEPLOYMENT_TARGET = 11.4;
				MTL_ENABLE_DEBUG_INFO = NO;
				SDKROOT = iphoneos;
				SWIFT_COMPILATION_MODE = wholemodule;
				SWIFT_OPTIMIZATION_LEVEL = "-O";
				VALIDATE_PRODUCT = YES;
			};
			name = Release;
		};
		C3ED6B3220FF20290015C807 /* Debug */ = {
			isa = XCBuildConfiguration;
			buildSettings = {
				ASSETCATALOG_COMPILER_APPICON_NAME = AppIcon;
				CODE_SIGN_STYLE = Automatic;
				DEVELOPMENT_TEAM = FRPTMKS972;
				INFOPLIST_FILE = SwiftFirstPage/Info.plist;
				LD_RUNPATH_SEARCH_PATHS = (
					"$(inherited)",
					"@executable_path/Frameworks",
				);
				PRODUCT_BUNDLE_IDENTIFIER = com.amu.SwiftFirstPage;
				PRODUCT_NAME = "$(TARGET_NAME)";
				SWIFT_VERSION = 4.0;
				TARGETED_DEVICE_FAMILY = "1,2";
			};
			name = Debug;
		};
		C3ED6B3320FF20290015C807 /* Release */ = {
			isa = XCBuildConfiguration;
			buildSettings = {
				ASSETCATALOG_COMPILER_APPICON_NAME = AppIcon;
				CODE_SIGN_STYLE = Automatic;
				DEVELOPMENT_TEAM = FRPTMKS972;
				INFOPLIST_FILE = SwiftFirstPage/Info.plist;
				LD_RUNPATH_SEARCH_PATHS = (
					"$(inherited)",
					"@executable_path/Frameworks",
				);
				PRODUCT_BUNDLE_IDENTIFIER = com.amu.SwiftFirstPage;
				PRODUCT_NAME = "$(TARGET_NAME)";
				SWIFT_VERSION = 4.0;
				TARGETED_DEVICE_FAMILY = "1,2";
			};
			name = Release;
		};
		C3ED6B3520FF20290015C807 /* Debug */ = {
			isa = XCBuildConfiguration;
			buildSettings = {
				ALWAYS_EMBED_SWIFT_STANDARD_LIBRARIES = YES;
				BUNDLE_LOADER = "$(TEST_HOST)";
				CODE_SIGN_STYLE = Automatic;
				DEVELOPMENT_TEAM = FRPTMKS972;
				INFOPLIST_FILE = SwiftFirstPageTests/Info.plist;
				LD_RUNPATH_SEARCH_PATHS = (
					"$(inherited)",
					"@executable_path/Frameworks",
					"@loader_path/Frameworks",
				);
				PRODUCT_BUNDLE_IDENTIFIER = com.amu.SwiftFirstPageTests;
				PRODUCT_NAME = "$(TARGET_NAME)";
				SWIFT_VERSION = 4.0;
				TARGETED_DEVICE_FAMILY = "1,2";
				TEST_HOST = "$(BUILT_PRODUCTS_DIR)/SwiftFirstPage.app/SwiftFirstPage";
			};
			name = Debug;
		};
		C3ED6B3620FF20290015C807 /* Release */ = {
			isa = XCBuildConfiguration;
			buildSettings = {
				ALWAYS_EMBED_SWIFT_STANDARD_LIBRARIES = YES;
				BUNDLE_LOADER = "$(TEST_HOST)";
				CODE_SIGN_STYLE = Automatic;
				DEVELOPMENT_TEAM = FRPTMKS972;
				INFOPLIST_FILE = SwiftFirstPageTests/Info.plist;
				LD_RUNPATH_SEARCH_PATHS = (
					"$(inherited)",
					"@executable_path/Frameworks",
					"@loader_path/Frameworks",
				);
				PRODUCT_BUNDLE_IDENTIFIER = com.amu.SwiftFirstPageTests;
				PRODUCT_NAME = "$(TARGET_NAME)";
				SWIFT_VERSION = 4.0;
				TARGETED_DEVICE_FAMILY = "1,2";
				TEST_HOST = "$(BUILT_PRODUCTS_DIR)/SwiftFirstPage.app/SwiftFirstPage";
			};
			name = Release;
		};
		C3ED6B3820FF20290015C807 /* Debug */ = {
			isa = XCBuildConfiguration;
			buildSettings = {
				ALWAYS_EMBED_SWIFT_STANDARD_LIBRARIES = YES;
				CODE_SIGN_STYLE = Automatic;
				DEVELOPMENT_TEAM = FRPTMKS972;
				INFOPLIST_FILE = SwiftFirstPageUITests/Info.plist;
				LD_RUNPATH_SEARCH_PATHS = (
					"$(inherited)",
					"@executable_path/Frameworks",
					"@loader_path/Frameworks",
				);
				PRODUCT_BUNDLE_IDENTIFIER = com.amu.SwiftFirstPageUITests;
				PRODUCT_NAME = "$(TARGET_NAME)";
				SWIFT_VERSION = 4.0;
				TARGETED_DEVICE_FAMILY = "1,2";
				TEST_TARGET_NAME = SwiftFirstPage;
			};
			name = Debug;
		};
		C3ED6B3920FF20290015C807 /* Release */ = {
			isa = XCBuildConfiguration;
			buildSettings = {
				ALWAYS_EMBED_SWIFT_STANDARD_LIBRARIES = YES;
				CODE_SIGN_STYLE = Automatic;
				DEVELOPMENT_TEAM = FRPTMKS972;
				INFOPLIST_FILE = SwiftFirstPageUITests/Info.plist;
				LD_RUNPATH_SEARCH_PATHS = (
					"$(inherited)",
					"@executable_path/Frameworks",
					"@loader_path/Frameworks",
				);
				PRODUCT_BUNDLE_IDENTIFIER = com.amu.SwiftFirstPageUITests;
				PRODUCT_NAME = "$(TARGET_NAME)";
				SWIFT_VERSION = 4.0;
				TARGETED_DEVICE_FAMILY = "1,2";
				TEST_TARGET_NAME = SwiftFirstPage;
			};
			name = Release;
		};
/* End XCBuildConfiguration section */

/* Begin XCConfigurationList section */
		C3ED6B0420FF20270015C807 /* Build configuration list for PBXProject "SwiftFirstPage" */ = {
			isa = XCConfigurationList;
			buildConfigurations = (
				C3ED6B2F20FF20290015C807 /* Debug */,
				C3ED6B3020FF20290015C807 /* Release */,
			);
			defaultConfigurationIsVisible = 0;
			defaultConfigurationName = Release;
		};
		C3ED6B3120FF20290015C807 /* Build configuration list for PBXNativeTarget "SwiftFirstPage" */ = {
			isa = XCConfigurationList;
			buildConfigurations = (
				C3ED6B3220FF20290015C807 /* Debug */,
				C3ED6B3320FF20290015C807 /* Release */,
			);
			defaultConfigurationIsVisible = 0;
			defaultConfigurationName = Release;
		};
		C3ED6B3420FF20290015C807 /* Build configuration list for PBXNativeTarget "SwiftFirstPageTests" */ = {
			isa = XCConfigurationList;
			buildConfigurations = (
				C3ED6B3520FF20290015C807 /* Debug */,
				C3ED6B3620FF20290015C807 /* Release */,
			);
			defaultConfigurationIsVisible = 0;
			defaultConfigurationName = Release;
		};
		C3ED6B3720FF20290015C807 /* Build configuration list for PBXNativeTarget "SwiftFirstPageUITests" */ = {
			isa = XCConfigurationList;
			buildConfigurations = (
				C3ED6B3820FF20290015C807 /* Debug */,
				C3ED6B3920FF20290015C807 /* Release */,
			);
			defaultConfigurationIsVisible = 0;
			defaultConfigurationName = Release;
		};
/* End XCConfigurationList section */
	};
	rootObject = C3ED6B0120FF20270015C807 /* Project object */;
}
